
Microsoft Visual Studio Solution File, Format Version 12.00
# Visual Studio Version 16
VisualStudioVersion = 16.0.29306.81
MinimumVisualStudioVersion = 10.0.40219.1
Project("{FAE04EC0-301F-11D3-BF4B-00C04F79EFBC}") = "SierpinskiTriangle", "SierpinskiTriangle\SierpinskiTriangle.csproj", "{95BFDC5B-D13E-41A4-BEDE-4F6396D4DF31}"
EndProject
Global
	GlobalSection(SolutionConfigurationPlatforms) = preSolution
		Debug|Any CPU = Debug|Any CPU
		Release|Any CPU = Release|Any CPU
	EndGlobalSection
	GlobalSection(ProjectConfigurationPlatforms) = postSolution
		{95BFDC5B-D13E-41A4-BEDE-4F6396D4DF31}.Debug|Any CPU.ActiveCfg = Debug|Any CPU
		{95BFDC5B-D13E-41A4-BEDE-4F6396D4DF31}.Debug|Any CPU.Build.0 = Debug|Any CPU
		{95BFDC5B-D13E-41A4-BEDE-4F6396D4DF31}.Release|Any CPU.ActiveCfg = Release|Any CPU
		{95BFDC5B-D13E-41A4-BEDE-4F6396D4DF31}.Release|Any CPU.Build.0 = Release|Any CPU
	EndGlobalSection
	GlobalSection(SolutionProperties) = preSolution
		HideSolutionNode = FALSE
	EndGlobalSection
	GlobalSection(ExtensibilityGlobals) = postSolution
		SolutionGuid = {E104A3B2-424D-4A0C-AE2B-F40B83A36CA3}
	EndGlobalSection
EndGlobal
